
Microsoft Visual Studio Solution File, Format Version 12.00
# Visual Studio Version 17
VisualStudioVersion = 17.6.33829.357
MinimumVisualStudioVersion = 10.0.40219.1
Project("{FAE04EC0-301F-11D3-BF4B-00C04F79EFBC}") = "SDKC2", "SDKC2\SDKC2.csproj", "{1E75F628-DBB0-4E5D-8A1F-C65B634DF69C}"
EndProject
Global
	GlobalSection(SolutionConfigurationPlatforms) = preSolution
		Debug|Any CPU = Debug|Any CPU
		Release|Any CPU = Release|Any CPU
	EndGlobalSection
	GlobalSection(ProjectConfigurationPlatforms) = postSolution
		{1E75F628-DBB0-4E5D-8A1F-C65B634DF69C}.Debug|Any CPU.ActiveCfg = Debug|Any CPU
		{1E75F628-DBB0-4E5D-8A1F-C65B634DF69C}.Debug|Any CPU.Build.0 = Debug|Any CPU
		{1E75F628-DBB0-4E5D-8A1F-C65B634DF69C}.Release|Any CPU.ActiveCfg = Release|Any CPU
		{1E75F628-DBB0-4E5D-8A1F-C65B634DF69C}.Release|Any CPU.Build.0 = Release|Any CPU
	EndGlobalSection
	GlobalSection(SolutionProperties) = preSolution
		HideSolutionNode = FALSE
	EndGlobalSection
	GlobalSection(ExtensibilityGlobals) = postSolution
		SolutionGuid = {C64490F4-985E-44CD-9BFF-6CA52CF0A218}
	EndGlobalSection
EndGlobal
